// !$*UTF8*$!
{
	archiveVersion = 1;
	classes = {
	};
	objectVersion = 46;
	objects = {

/* Begin PBXBuildFile section */
		010C0F601C8C236C00641DD0 /* LoginUIViewDelegate.swift in Sources */ = {isa = PBXBuildFile; fileRef = 010C0F5F1C8C236C00641DD0 /* LoginUIViewDelegate.swift */; };
		01528BF41C6F017200D5647A /* AppDelegate.swift in Sources */ = {isa = PBXBuildFile; fileRef = 01528BF31C6F017200D5647A /* AppDelegate.swift */; };
		01528BF61C6F017200D5647A /* ViewController.swift in Sources */ = {isa = PBXBuildFile; fileRef = 01528BF51C6F017200D5647A /* ViewController.swift */; };
		01528BF91C6F017200D5647A /* Main.storyboard in Resources */ = {isa = PBXBuildFile; fileRef = 01528BF71C6F017200D5647A /* Main.storyboard */; };
		01528BFC1C6F017200D5647A /* AskLyte.xcdatamodeld in Sources */ = {isa = PBXBuildFile; fileRef = 01528BFA1C6F017200D5647A /* AskLyte.xcdatamodeld */; };
		01528BFE1C6F017200D5647A /* Assets.xcassets in Resources */ = {isa = PBXBuildFile; fileRef = 01528BFD1C6F017200D5647A /* Assets.xcassets */; };
		01528C011C6F017200D5647A /* LaunchScreen.storyboard in Resources */ = {isa = PBXBuildFile; fileRef = 01528BFF1C6F017200D5647A /* LaunchScreen.storyboard */; };
		01528C0C1C6F017200D5647A /* AskLyteTests.swift in Sources */ = {isa = PBXBuildFile; fileRef = 01528C0B1C6F017200D5647A /* AskLyteTests.swift */; };
		01528C171C6F017200D5647A /* AskLyteUITests.swift in Sources */ = {isa = PBXBuildFile; fileRef = 01528C161C6F017200D5647A /* AskLyteUITests.swift */; };
		01528C251C6FB57E00D5647A /* LoginVO.swift in Sources */ = {isa = PBXBuildFile; fileRef = 01528C241C6FB57E00D5647A /* LoginVO.swift */; };
		01528C271C6FB9C800D5647A /* LoginActionDelegateHandler.swift in Sources */ = {isa = PBXBuildFile; fileRef = 01528C261C6FB9C800D5647A /* LoginActionDelegateHandler.swift */; };
		01528C291C6FC18800D5647A /* LoginUIView.swift in Sources */ = {isa = PBXBuildFile; fileRef = 01528C281C6FC18800D5647A /* LoginUIView.swift */; };
		01528C2B1C6FF30100D5647A /* LoginActionDelegate.swift in Sources */ = {isa = PBXBuildFile; fileRef = 01528C2A1C6FF30100D5647A /* LoginActionDelegate.swift */; };
		0199A1A51C90088F00A78596 /* HTTPStatusCodes.framework in Resources */ = {isa = PBXBuildFile; fileRef = 1DF43F631C8F278D0006BF48 /* HTTPStatusCodes.framework */; };
		0199A1A61C90088F00A78596 /* Alamofire.framework in Resources */ = {isa = PBXBuildFile; fileRef = 1DF43F651C8F278D0006BF48 /* Alamofire.framework */; };
		0199A1A71C90088F00A78596 /* ObjectMapper.framework in Resources */ = {isa = PBXBuildFile; fileRef = 1DF43F671C8F278D0006BF48 /* ObjectMapper.framework */; };
		0199A1A81C90088F00A78596 /* AlamofireObjectMapper.framework in Resources */ = {isa = PBXBuildFile; fileRef = 1DF43F691C8F278D0006BF48 /* AlamofireObjectMapper.framework */; };
		0199A1A91C90088F00A78596 /* Starscream.framework in Resources */ = {isa = PBXBuildFile; fileRef = 1DF43F6B1C8F278D0006BF48 /* Starscream.framework */; };
		0199A1AA1C90088F00A78596 /* XCGLogger.framework in Resources */ = {isa = PBXBuildFile; fileRef = 1DF43F6D1C8F278D0006BF48 /* XCGLogger.framework */; };
		0199A1AB1C90088F00A78596 /* WatsonDeveloperCloud.framework in Resources */ = {isa = PBXBuildFile; fileRef = 1DF43F6F1C8F278D0006BF48 /* WatsonDeveloperCloud.framework */; };
		0199A1AC1C9008C300A78596 /* HTTPStatusCodes.framework in Frameworks */ = {isa = PBXBuildFile; fileRef = 1DF43F631C8F278D0006BF48 /* HTTPStatusCodes.framework */; };
		0199A1AD1C9008C300A78596 /* HTTPStatusCodes.framework in Embed Frameworks */ = {isa = PBXBuildFile; fileRef = 1DF43F631C8F278D0006BF48 /* HTTPStatusCodes.framework */; settings = {ATTRIBUTES = (CodeSignOnCopy, RemoveHeadersOnCopy, ); }; };
		0199A1AE1C9008C300A78596 /* Alamofire.framework in Frameworks */ = {isa = PBXBuildFile; fileRef = 1DF43F651C8F278D0006BF48 /* Alamofire.framework */; };
		0199A1AF1C9008C300A78596 /* Alamofire.framework in Embed Frameworks */ = {isa = PBXBuildFile; fileRef = 1DF43F651C8F278D0006BF48 /* Alamofire.framework */; settings = {ATTRIBUTES = (CodeSignOnCopy, RemoveHeadersOnCopy, ); }; };
		0199A1B01C9008C300A78596 /* ObjectMapper.framework in Frameworks */ = {isa = PBXBuildFile; fileRef = 1DF43F671C8F278D0006BF48 /* ObjectMapper.framework */; };
		0199A1B11C9008C300A78596 /* ObjectMapper.framework in Embed Frameworks */ = {isa = PBXBuildFile; fileRef = 1DF43F671C8F278D0006BF48 /* ObjectMapper.framework */; settings = {ATTRIBUTES = (CodeSignOnCopy, RemoveHeadersOnCopy, ); }; };
		0199A1B21C9008C300A78596 /* AlamofireObjectMapper.framework in Frameworks */ = {isa = PBXBuildFile; fileRef = 1DF43F691C8F278D0006BF48 /* AlamofireObjectMapper.framework */; };
		0199A1B31C9008C300A78596 /* AlamofireObjectMapper.framework in Embed Frameworks */ = {isa = PBXBuildFile; fileRef = 1DF43F691C8F278D0006BF48 /* AlamofireObjectMapper.framework */; settings = {ATTRIBUTES = (CodeSignOnCopy, RemoveHeadersOnCopy, ); }; };
		0199A1B41C9008C300A78596 /* Starscream.framework in Frameworks */ = {isa = PBXBuildFile; fileRef = 1DF43F6B1C8F278D0006BF48 /* Starscream.framework */; };
		0199A1B51C9008C300A78596 /* Starscream.framework in Embed Frameworks */ = {isa = PBXBuildFile; fileRef = 1DF43F6B1C8F278D0006BF48 /* Starscream.framework */; settings = {ATTRIBUTES = (CodeSignOnCopy, RemoveHeadersOnCopy, ); }; };
		0199A1B61C9008C300A78596 /* XCGLogger.framework in Frameworks */ = {isa = PBXBuildFile; fileRef = 1DF43F6D1C8F278D0006BF48 /* XCGLogger.framework */; };
		0199A1B71C9008C300A78596 /* XCGLogger.framework in Embed Frameworks */ = {isa = PBXBuildFile; fileRef = 1DF43F6D1C8F278D0006BF48 /* XCGLogger.framework */; settings = {ATTRIBUTES = (CodeSignOnCopy, RemoveHeadersOnCopy, ); }; };
		0199A1B81C9008C300A78596 /* WatsonDeveloperCloud.framework in Frameworks */ = {isa = PBXBuildFile; fileRef = 1DF43F6F1C8F278D0006BF48 /* WatsonDeveloperCloud.framework */; };
		0199A1B91C9008C300A78596 /* WatsonDeveloperCloud.framework in Embed Frameworks */ = {isa = PBXBuildFile; fileRef = 1DF43F6F1C8F278D0006BF48 /* WatsonDeveloperCloud.framework */; settings = {ATTRIBUTES = (CodeSignOnCopy, RemoveHeadersOnCopy, ); }; };
		1DF43F5F1C89358D0006BF48 /* UIUtils.swift in Sources */ = {isa = PBXBuildFile; fileRef = 1DF43F5E1C89358D0006BF48 /* UIUtils.swift */; };
		1DF43F711C8F278D0006BF48 /* HTTPStatusCodes.framework in Frameworks */ = {isa = PBXBuildFile; fileRef = 1DF43F631C8F278D0006BF48 /* HTTPStatusCodes.framework */; };
		1DF43F731C8F278D0006BF48 /* Alamofire.framework in Frameworks */ = {isa = PBXBuildFile; fileRef = 1DF43F651C8F278D0006BF48 /* Alamofire.framework */; };
		1DF43F751C8F278D0006BF48 /* ObjectMapper.framework in Frameworks */ = {isa = PBXBuildFile; fileRef = 1DF43F671C8F278D0006BF48 /* ObjectMapper.framework */; };
		1DF43F771C8F278D0006BF48 /* AlamofireObjectMapper.framework in Frameworks */ = {isa = PBXBuildFile; fileRef = 1DF43F691C8F278D0006BF48 /* AlamofireObjectMapper.framework */; };
		1DF43F791C8F278D0006BF48 /* Starscream.framework in Frameworks */ = {isa = PBXBuildFile; fileRef = 1DF43F6B1C8F278D0006BF48 /* Starscream.framework */; };
		1DF43F7B1C8F278D0006BF48 /* XCGLogger.framework in Frameworks */ = {isa = PBXBuildFile; fileRef = 1DF43F6D1C8F278D0006BF48 /* XCGLogger.framework */; };
		1DF43F7D1C8F278D0006BF48 /* WatsonDeveloperCloud.framework in Frameworks */ = {isa = PBXBuildFile; fileRef = 1DF43F6F1C8F278D0006BF48 /* WatsonDeveloperCloud.framework */; };
		1DF75DCF1C8783930086C867 /* LoginDataDelegate.swift in Sources */ = {isa = PBXBuildFile; fileRef = 1DF75DCE1C8783930086C867 /* LoginDataDelegate.swift */; };
		1DF75DD11C87840C0086C867 /* LoginWSDataHandler.swift in Sources */ = {isa = PBXBuildFile; fileRef = 1DF75DD01C87840C0086C867 /* LoginWSDataHandler.swift */; };
/* End PBXBuildFile section */

/* Begin PBXContainerItemProxy section */
		01528C081C6F017200D5647A /* PBXContainerItemProxy */ = {
			isa = PBXContainerItemProxy;
			containerPortal = 01528BE81C6F017100D5647A /* Project object */;
			proxyType = 1;
			remoteGlobalIDString = 01528BEF1C6F017200D5647A;
			remoteInfo = AskLyte;
		};
		01528C131C6F017200D5647A /* PBXContainerItemProxy */ = {
			isa = PBXContainerItemProxy;
			containerPortal = 01528BE81C6F017100D5647A /* Project object */;
			proxyType = 1;
			remoteGlobalIDString = 01528BEF1C6F017200D5647A;
			remoteInfo = AskLyte;
		};
/* End PBXContainerItemProxy section */

/* Begin PBXCopyFilesBuildPhase section */
		0199A1BA1C9008C300A78596 /* Embed Frameworks */ = {
			isa = PBXCopyFilesBuildPhase;
			buildActionMask = 2147483647;
			dstPath = "";
			dstSubfolderSpec = 10;
			files = (
				0199A1B11C9008C300A78596 /* ObjectMapper.framework in Embed Frameworks */,
				0199A1AD1C9008C300A78596 /* HTTPStatusCodes.framework in Embed Frameworks */,
				0199A1AF1C9008C300A78596 /* Alamofire.framework in Embed Frameworks */,
				0199A1B51C9008C300A78596 /* Starscream.framework in Embed Frameworks */,
				0199A1B31C9008C300A78596 /* AlamofireObjectMapper.framework in Embed Frameworks */,
				0199A1B91C9008C300A78596 /* WatsonDeveloperCloud.framework in Embed Frameworks */,
				0199A1B71C9008C300A78596 /* XCGLogger.framework in Embed Frameworks */,
			);
			name = "Embed Frameworks";
			runOnlyForDeploymentPostprocessing = 0;
		};
/* End PBXCopyFilesBuildPhase section */

/* Begin PBXFileReference section */
		010C0F5F1C8C236C00641DD0 /* LoginUIViewDelegate.swift */ = {isa = PBXFileReference; fileEncoding = 4; lastKnownFileType = sourcecode.swift; path = LoginUIViewDelegate.swift; sourceTree = "<group>"; };
		01528BF01C6F017200D5647A /* AskLyte.app */ = {isa = PBXFileReference; explicitFileType = wrapper.application; includeInIndex = 0; path = AskLyte.app; sourceTree = BUILT_PRODUCTS_DIR; };
		01528BF31C6F017200D5647A /* AppDelegate.swift */ = {isa = PBXFileReference; lastKnownFileType = sourcecode.swift; path = AppDelegate.swift; sourceTree = "<group>"; };
		01528BF51C6F017200D5647A /* ViewController.swift */ = {isa = PBXFileReference; lastKnownFileType = sourcecode.swift; path = ViewController.swift; sourceTree = "<group>"; };
		01528BF81C6F017200D5647A /* Base */ = {isa = PBXFileReference; lastKnownFileType = file.storyboard; name = Base; path = Base.lproj/Main.storyboard; sourceTree = "<group>"; };
		01528BFB1C6F017200D5647A /* AskLyte.xcdatamodel */ = {isa = PBXFileReference; lastKnownFileType = wrapper.xcdatamodel; path = AskLyte.xcdatamodel; sourceTree = "<group>"; };
		01528BFD1C6F017200D5647A /* Assets.xcassets */ = {isa = PBXFileReference; lastKnownFileType = folder.assetcatalog; path = Assets.xcassets; sourceTree = "<group>"; };
		01528C001C6F017200D5647A /* Base */ = {isa = PBXFileReference; lastKnownFileType = file.storyboard; name = Base; path = Base.lproj/LaunchScreen.storyboard; sourceTree = "<group>"; };
		01528C021C6F017200D5647A /* Info.plist */ = {isa = PBXFileReference; lastKnownFileType = text.plist.xml; path = Info.plist; sourceTree = "<group>"; };
		01528C071C6F017200D5647A /* AskLyteTests.xctest */ = {isa = PBXFileReference; explicitFileType = wrapper.cfbundle; includeInIndex = 0; path = AskLyteTests.xctest; sourceTree = BUILT_PRODUCTS_DIR; };
		01528C0B1C6F017200D5647A /* AskLyteTests.swift */ = {isa = PBXFileReference; lastKnownFileType = sourcecode.swift; path = AskLyteTests.swift; sourceTree = "<group>"; };
		01528C0D1C6F017200D5647A /* Info.plist */ = {isa = PBXFileReference; lastKnownFileType = text.plist.xml; path = Info.plist; sourceTree = "<group>"; };
		01528C121C6F017200D5647A /* AskLyteUITests.xctest */ = {isa = PBXFileReference; explicitFileType = wrapper.cfbundle; includeInIndex = 0; path = AskLyteUITests.xctest; sourceTree = BUILT_PRODUCTS_DIR; };
		01528C161C6F017200D5647A /* AskLyteUITests.swift */ = {isa = PBXFileReference; lastKnownFileType = sourcecode.swift; path = AskLyteUITests.swift; sourceTree = "<group>"; };
		01528C181C6F017200D5647A /* Info.plist */ = {isa = PBXFileReference; lastKnownFileType = text.plist.xml; path = Info.plist; sourceTree = "<group>"; };
		01528C241C6FB57E00D5647A /* LoginVO.swift */ = {isa = PBXFileReference; fileEncoding = 4; lastKnownFileType = sourcecode.swift; name = LoginVO.swift; path = Login/LoginVO.swift; sourceTree = "<group>"; };
		01528C261C6FB9C800D5647A /* LoginActionDelegateHandler.swift */ = {isa = PBXFileReference; fileEncoding = 4; lastKnownFileType = sourcecode.swift; name = LoginActionDelegateHandler.swift; path = Login/LoginActionDelegateHandler.swift; sourceTree = "<group>"; };
		01528C281C6FC18800D5647A /* LoginUIView.swift */ = {isa = PBXFileReference; fileEncoding = 4; lastKnownFileType = sourcecode.swift; name = LoginUIView.swift; path = Login/LoginUIView.swift; sourceTree = "<group>"; };
		01528C2A1C6FF30100D5647A /* LoginActionDelegate.swift */ = {isa = PBXFileReference; fileEncoding = 4; lastKnownFileType = sourcecode.swift; name = LoginActionDelegate.swift; path = Login/LoginActionDelegate.swift; sourceTree = "<group>"; };
		1DF43F5E1C89358D0006BF48 /* UIUtils.swift */ = {isa = PBXFileReference; fileEncoding = 4; lastKnownFileType = sourcecode.swift; path = UIUtils.swift; sourceTree = "<group>"; };
		1DF43F631C8F278D0006BF48 /* HTTPStatusCodes.framework */ = {isa = PBXFileReference; lastKnownFileType = wrapper.framework; name = HTTPStatusCodes.framework; path = Carthage/Build/iOS/HTTPStatusCodes.framework; sourceTree = SOURCE_ROOT; };
		1DF43F651C8F278D0006BF48 /* Alamofire.framework */ = {isa = PBXFileReference; lastKnownFileType = wrapper.framework; name = Alamofire.framework; path = Carthage/Build/iOS/Alamofire.framework; sourceTree = SOURCE_ROOT; };
		1DF43F671C8F278D0006BF48 /* ObjectMapper.framework */ = {isa = PBXFileReference; lastKnownFileType = wrapper.framework; name = ObjectMapper.framework; path = Carthage/Build/iOS/ObjectMapper.framework; sourceTree = SOURCE_ROOT; };
		1DF43F691C8F278D0006BF48 /* AlamofireObjectMapper.framework */ = {isa = PBXFileReference; lastKnownFileType = wrapper.framework; name = AlamofireObjectMapper.framework; path = Carthage/Build/iOS/AlamofireObjectMapper.framework; sourceTree = SOURCE_ROOT; };
		1DF43F6B1C8F278D0006BF48 /* Starscream.framework */ = {isa = PBXFileReference; lastKnownFileType = wrapper.framework; name = Starscream.framework; path = Carthage/Build/iOS/Starscream.framework; sourceTree = SOURCE_ROOT; };
		1DF43F6D1C8F278D0006BF48 /* XCGLogger.framework */ = {isa = PBXFileReference; lastKnownFileType = wrapper.framework; name = XCGLogger.framework; path = Carthage/Build/iOS/XCGLogger.framework; sourceTree = SOURCE_ROOT; };
		1DF43F6F1C8F278D0006BF48 /* WatsonDeveloperCloud.framework */ = {isa = PBXFileReference; lastKnownFileType = wrapper.framework; name = WatsonDeveloperCloud.framework; path = Carthage/Build/iOS/WatsonDeveloperCloud.framework; sourceTree = SOURCE_ROOT; };
		1DF75DCE1C8783930086C867 /* LoginDataDelegate.swift */ = {isa = PBXFileReference; fileEncoding = 4; lastKnownFileType = sourcecode.swift; path = LoginDataDelegate.swift; sourceTree = "<group>"; };
		1DF75DD01C87840C0086C867 /* LoginWSDataHandler.swift */ = {isa = PBXFileReference; fileEncoding = 4; lastKnownFileType = sourcecode.swift; path = LoginWSDataHandler.swift; sourceTree = "<group>"; };
/* End PBXFileReference section */

/* Begin PBXFrameworksBuildPhase section */
		01528BED1C6F017200D5647A /* Frameworks */ = {
			isa = PBXFrameworksBuildPhase;
			buildActionMask = 2147483647;
			files = (
				1DF43F751C8F278D0006BF48 /* ObjectMapper.framework in Frameworks */,
				0199A1B41C9008C300A78596 /* Starscream.framework in Frameworks */,
				0199A1B61C9008C300A78596 /* XCGLogger.framework in Frameworks */,
				0199A1B21C9008C300A78596 /* AlamofireObjectMapper.framework in Frameworks */,
				0199A1AE1C9008C300A78596 /* Alamofire.framework in Frameworks */,
				0199A1B81C9008C300A78596 /* WatsonDeveloperCloud.framework in Frameworks */,
				0199A1B01C9008C300A78596 /* ObjectMapper.framework in Frameworks */,
				1DF43F711C8F278D0006BF48 /* HTTPStatusCodes.framework in Frameworks */,
				1DF43F731C8F278D0006BF48 /* Alamofire.framework in Frameworks */,
				1DF43F791C8F278D0006BF48 /* Starscream.framework in Frameworks */,
				1DF43F771C8F278D0006BF48 /* AlamofireObjectMapper.framework in Frameworks */,
				1DF43F7D1C8F278D0006BF48 /* WatsonDeveloperCloud.framework in Frameworks */,
				1DF43F7B1C8F278D0006BF48 /* XCGLogger.framework in Frameworks */,
				0199A1AC1C9008C300A78596 /* HTTPStatusCodes.framework in Frameworks */,
			);
			runOnlyForDeploymentPostprocessing = 0;
		};
		01528C041C6F017200D5647A /* Frameworks */ = {
			isa = PBXFrameworksBuildPhase;
			buildActionMask = 2147483647;
			files = (
			);
			runOnlyForDeploymentPostprocessing = 0;
		};
		01528C0F1C6F017200D5647A /* Frameworks */ = {
			isa = PBXFrameworksBuildPhase;
			buildActionMask = 2147483647;
			files = (
			);
			runOnlyForDeploymentPostprocessing = 0;
		};
/* End PBXFrameworksBuildPhase section */

/* Begin PBXGroup section */
		01528BE71C6F017100D5647A = {
			isa = PBXGroup;
			children = (
				01528BF21C6F017200D5647A /* AskLyte */,
				01528C0A1C6F017200D5647A /* AskLyteTests */,
				01528C151C6F017200D5647A /* AskLyteUITests */,
				01528BF11C6F017200D5647A /* Products */,
			);
			sourceTree = "<group>";
		};
		01528BF11C6F017200D5647A /* Products */ = {
			isa = PBXGroup;
			children = (
				01528BF01C6F017200D5647A /* AskLyte.app */,
				01528C071C6F017200D5647A /* AskLyteTests.xctest */,
				01528C121C6F017200D5647A /* AskLyteUITests.xctest */,
			);
			name = Products;
			sourceTree = "<group>";
		};
		01528BF21C6F017200D5647A /* AskLyte */ = {
			isa = PBXGroup;
			children = (
				1DF43F611C8F26470006BF48 /* Frameworks */,
				1DF43F601C8935950006BF48 /* Utils */,
				018FFFF51C820F2F00A03563 /* Login */,
				01528BF31C6F017200D5647A /* AppDelegate.swift */,
				01528BF51C6F017200D5647A /* ViewController.swift */,
				01528BF71C6F017200D5647A /* Main.storyboard */,
				01528BFD1C6F017200D5647A /* Assets.xcassets */,
				01528BFF1C6F017200D5647A /* LaunchScreen.storyboard */,
				01528C021C6F017200D5647A /* Info.plist */,
				01528BFA1C6F017200D5647A /* AskLyte.xcdatamodeld */,
			);
			path = AskLyte;
			sourceTree = "<group>";
		};
		01528C0A1C6F017200D5647A /* AskLyteTests */ = {
			isa = PBXGroup;
			children = (
				01528C0B1C6F017200D5647A /* AskLyteTests.swift */,
				01528C0D1C6F017200D5647A /* Info.plist */,
			);
			path = AskLyteTests;
			sourceTree = "<group>";
		};
		01528C151C6F017200D5647A /* AskLyteUITests */ = {
			isa = PBXGroup;
			children = (
				01528C161C6F017200D5647A /* AskLyteUITests.swift */,
				01528C181C6F017200D5647A /* Info.plist */,
			);
			path = AskLyteUITests;
			sourceTree = "<group>";
		};
		018FFFF51C820F2F00A03563 /* Login */ = {
			isa = PBXGroup;
			children = (
				01528C2A1C6FF30100D5647A /* LoginActionDelegate.swift */,
				1DF75DCE1C8783930086C867 /* LoginDataDelegate.swift */,
				01528C261C6FB9C800D5647A /* LoginActionDelegateHandler.swift */,
				1DF75DD01C87840C0086C867 /* LoginWSDataHandler.swift */,
				01528C281C6FC18800D5647A /* LoginUIView.swift */,
				01528C241C6FB57E00D5647A /* LoginVO.swift */,
				010C0F5F1C8C236C00641DD0 /* LoginUIViewDelegate.swift */,
			);
			name = Login;
			sourceTree = "<group>";
		};
		1DF43F601C8935950006BF48 /* Utils */ = {
			isa = PBXGroup;
			children = (
				1DF43F5E1C89358D0006BF48 /* UIUtils.swift */,
			);
			name = Utils;
			sourceTree = "<group>";
		};
		1DF43F611C8F26470006BF48 /* Frameworks */ = {
			isa = PBXGroup;
			children = (
				1DF43F621C8F264F0006BF48 /* Watson */,
			);
			name = Frameworks;
			sourceTree = "<group>";
		};
		1DF43F621C8F264F0006BF48 /* Watson */ = {
			isa = PBXGroup;
			children = (
				1DF43F631C8F278D0006BF48 /* HTTPStatusCodes.framework */,
				1DF43F651C8F278D0006BF48 /* Alamofire.framework */,
				1DF43F671C8F278D0006BF48 /* ObjectMapper.framework */,
				1DF43F691C8F278D0006BF48 /* AlamofireObjectMapper.framework */,
				1DF43F6B1C8F278D0006BF48 /* Starscream.framework */,
				1DF43F6D1C8F278D0006BF48 /* XCGLogger.framework */,
				1DF43F6F1C8F278D0006BF48 /* WatsonDeveloperCloud.framework */,
			);
			name = Watson;
			sourceTree = "<group>";
		};
/* End PBXGroup section */

/* Begin PBXNativeTarget section */
		01528BEF1C6F017200D5647A /* AskLyte */ = {
			isa = PBXNativeTarget;
			buildConfigurationList = 01528C1B1C6F017200D5647A /* Build configuration list for PBXNativeTarget "AskLyte" */;
			buildPhases = (
				01528BEC1C6F017200D5647A /* Sources */,
				01528BED1C6F017200D5647A /* Frameworks */,
				01528BEE1C6F017200D5647A /* Resources */,
				0199A1BA1C9008C300A78596 /* Embed Frameworks */,
			);
			buildRules = (
			);
			dependencies = (
			);
			name = AskLyte;
			productName = AskLyte;
			productReference = 01528BF01C6F017200D5647A /* AskLyte.app */;
			productType = "com.apple.product-type.application";
		};
		01528C061C6F017200D5647A /* AskLyteTests */ = {
			isa = PBXNativeTarget;
			buildConfigurationList = 01528C1E1C6F017200D5647A /* Build configuration list for PBXNativeTarget "AskLyteTests" */;
			buildPhases = (
				01528C031C6F017200D5647A /* Sources */,
				01528C041C6F017200D5647A /* Frameworks */,
				01528C051C6F017200D5647A /* Resources */,
			);
			buildRules = (
			);
			dependencies = (
				01528C091C6F017200D5647A /* PBXTargetDependency */,
			);
			name = AskLyteTests;
			productName = AskLyteTests;
			productReference = 01528C071C6F017200D5647A /* AskLyteTests.xctest */;
			productType = "com.apple.product-type.bundle.unit-test";
		};
		01528C111C6F017200D5647A /* AskLyteUITests */ = {
			isa = PBXNativeTarget;
			buildConfigurationList = 01528C211C6F017200D5647A /* Build configuration list for PBXNativeTarget "AskLyteUITests" */;
			buildPhases = (
				01528C0E1C6F017200D5647A /* Sources */,
				01528C0F1C6F017200D5647A /* Frameworks */,
				01528C101C6F017200D5647A /* Resources */,
			);
			buildRules = (
			);
			dependencies = (
				01528C141C6F017200D5647A /* PBXTargetDependency */,
			);
			name = AskLyteUITests;
			productName = AskLyteUITests;
			productReference = 01528C121C6F017200D5647A /* AskLyteUITests.xctest */;
			productType = "com.apple.product-type.bundle.ui-testing";
		};
/* End PBXNativeTarget section */

/* Begin PBXProject section */
		01528BE81C6F017100D5647A /* Project object */ = {
			isa = PBXProject;
			attributes = {
				LastSwiftUpdateCheck = 0720;
				LastUpgradeCheck = 0720;
				ORGANIZATIONNAME = "Jay Kesavan";
				TargetAttributes = {
					01528BEF1C6F017200D5647A = {
						CreatedOnToolsVersion = 7.2.1;
					};
					01528C061C6F017200D5647A = {
						CreatedOnToolsVersion = 7.2.1;
						TestTargetID = 01528BEF1C6F017200D5647A;
					};
					01528C111C6F017200D5647A = {
						CreatedOnToolsVersion = 7.2.1;
						TestTargetID = 01528BEF1C6F017200D5647A;
					};
				};
			};
			buildConfigurationList = 01528BEB1C6F017200D5647A /* Build configuration list for PBXProject "AskLyte" */;
			compatibilityVersion = "Xcode 3.2";
			developmentRegion = English;
			hasScannedForEncodings = 0;
			knownRegions = (
				en,
				Base,
			);
			mainGroup = 01528BE71C6F017100D5647A;
			productRefGroup = 01528BF11C6F017200D5647A /* Products */;
			projectDirPath = "";
			projectRoot = "";
			targets = (
				01528BEF1C6F017200D5647A /* AskLyte */,
				01528C061C6F017200D5647A /* AskLyteTests */,
				01528C111C6F017200D5647A /* AskLyteUITests */,
			);
		};
/* End PBXProject section */

/* Begin PBXResourcesBuildPhase section */
		01528BEE1C6F017200D5647A /* Resources */ = {
			isa = PBXResourcesBuildPhase;
			buildActionMask = 2147483647;
			files = (
				0199A1A51C90088F00A78596 /* HTTPStatusCodes.framework in Resources */,
				0199A1A61C90088F00A78596 /* Alamofire.framework in Resources */,
				0199A1A71C90088F00A78596 /* ObjectMapper.framework in Resources */,
				0199A1A81C90088F00A78596 /* AlamofireObjectMapper.framework in Resources */,
				0199A1A91C90088F00A78596 /* Starscream.framework in Resources */,
				0199A1AA1C90088F00A78596 /* XCGLogger.framework in Resources */,
				0199A1AB1C90088F00A78596 /* WatsonDeveloperCloud.framework in Resources */,
				01528C011C6F017200D5647A /* LaunchScreen.storyboard in Resources */,
				01528BFE1C6F017200D5647A /* Assets.xcassets in Resources */,
				01528BF91C6F017200D5647A /* Main.storyboard in Resources */,
			);
			runOnlyForDeploymentPostprocessing = 0;
		};
		01528C051C6F017200D5647A /* Resources */ = {
			isa = PBXResourcesBuildPhase;
			buildActionMask = 2147483647;
			files = (
			);
			runOnlyForDeploymentPostprocessing = 0;
		};
		01528C101C6F017200D5647A /* Resources */ = {
			isa = PBXResourcesBuildPhase;
			buildActionMask = 2147483647;
			files = (
			);
			runOnlyForDeploymentPostprocessing = 0;
		};
/* End PBXResourcesBuildPhase section */

/* Begin PBXSourcesBuildPhase section */
		01528BEC1C6F017200D5647A /* Sources */ = {
			isa = PBXSourcesBuildPhase;
			buildActionMask = 2147483647;
			files = (
				1DF75DCF1C8783930086C867 /* LoginDataDelegate.swift in Sources */,
				01528C291C6FC18800D5647A /* LoginUIView.swift in Sources */,
				1DF75DD11C87840C0086C867 /* LoginWSDataHandler.swift in Sources */,
				01528BF61C6F017200D5647A /* ViewController.swift in Sources */,
				01528C271C6FB9C800D5647A /* LoginActionDelegateHandler.swift in Sources */,
				1DF43F5F1C89358D0006BF48 /* UIUtils.swift in Sources */,
				010C0F601C8C236C00641DD0 /* LoginUIViewDelegate.swift in Sources */,
				01528BF41C6F017200D5647A /* AppDelegate.swift in Sources */,
				01528C251C6FB57E00D5647A /* LoginVO.swift in Sources */,
				01528C2B1C6FF30100D5647A /* LoginActionDelegate.swift in Sources */,
				01528BFC1C6F017200D5647A /* AskLyte.xcdatamodeld in Sources */,
			);
			runOnlyForDeploymentPostprocessing = 0;
		};
		01528C031C6F017200D5647A /* Sources */ = {
			isa = PBXSourcesBuildPhase;
			buildActionMask = 2147483647;
			files = (
				01528C0C1C6F017200D5647A /* AskLyteTests.swift in Sources */,
			);
			runOnlyForDeploymentPostprocessing = 0;
		};
		01528C0E1C6F017200D5647A /* Sources */ = {
			isa = PBXSourcesBuildPhase;
			buildActionMask = 2147483647;
			files = (
				01528C171C6F017200D5647A /* AskLyteUITests.swift in Sources */,
			);
			runOnlyForDeploymentPostprocessing = 0;
		};
/* End PBXSourcesBuildPhase section */

/* Begin PBXTargetDependency section */
		01528C091C6F017200D5647A /* PBXTargetDependency */ = {
			isa = PBXTargetDependency;
			target = 01528BEF1C6F017200D5647A /* AskLyte */;
			targetProxy = 01528C081C6F017200D5647A /* PBXContainerItemProxy */;
		};
		01528C141C6F017200D5647A /* PBXTargetDependency */ = {
			isa = PBXTargetDependency;
			target = 01528BEF1C6F017200D5647A /* AskLyte */;
			targetProxy = 01528C131C6F017200D5647A /* PBXContainerItemProxy */;
		};
/* End PBXTargetDependency section */

/* Begin PBXVariantGroup section */
		01528BF71C6F017200D5647A /* Main.storyboard */ = {
			isa = PBXVariantGroup;
			children = (
				01528BF81C6F017200D5647A /* Base */,
			);
			name = Main.storyboard;
			sourceTree = "<group>";
		};
		01528BFF1C6F017200D5647A /* LaunchScreen.storyboard */ = {
			isa = PBXVariantGroup;
			children = (
				01528C001C6F017200D5647A /* Base */,
			);
			name = LaunchScreen.storyboard;
			sourceTree = "<group>";
		};
/* End PBXVariantGroup section */

/* Begin XCBuildConfiguration section */
		01528C191C6F017200D5647A /* Debug */ = {
			isa = XCBuildConfiguration;
			buildSettings = {
				ALWAYS_SEARCH_USER_PATHS = NO;
				CLANG_CXX_LANGUAGE_STANDARD = "gnu++0x";
				CLANG_CXX_LIBRARY = "libc++";
				CLANG_ENABLE_MODULES = YES;
				CLANG_ENABLE_OBJC_ARC = YES;
				CLANG_WARN_BOOL_CONVERSION = YES;
				CLANG_WARN_CONSTANT_CONVERSION = YES;
				CLANG_WARN_DIRECT_OBJC_ISA_USAGE = YES_ERROR;
				CLANG_WARN_EMPTY_BODY = YES;
				CLANG_WARN_ENUM_CONVERSION = YES;
				CLANG_WARN_INT_CONVERSION = YES;
				CLANG_WARN_OBJC_ROOT_CLASS = YES_ERROR;
				CLANG_WARN_UNREACHABLE_CODE = YES;
				CLANG_WARN__DUPLICATE_METHOD_MATCH = YES;
				"CODE_SIGN_IDENTITY[sdk=iphoneos*]" = "iPhone Developer";
				COPY_PHASE_STRIP = NO;
				DEBUG_INFORMATION_FORMAT = dwarf;
				ENABLE_STRICT_OBJC_MSGSEND = YES;
				ENABLE_TESTABILITY = YES;
				GCC_C_LANGUAGE_STANDARD = gnu99;
				GCC_DYNAMIC_NO_PIC = NO;
				GCC_NO_COMMON_BLOCKS = YES;
				GCC_OPTIMIZATION_LEVEL = 0;
				GCC_PREPROCESSOR_DEFINITIONS = (
					"DEBUG=1",
					"$(inherited)",
				);
				GCC_WARN_64_TO_32_BIT_CONVERSION = YES;
				GCC_WARN_ABOUT_RETURN_TYPE = YES_ERROR;
				GCC_WARN_UNDECLARED_SELECTOR = YES;
				GCC_WARN_UNINITIALIZED_AUTOS = YES_AGGRESSIVE;
				GCC_WARN_UNUSED_FUNCTION = YES;
				GCC_WARN_UNUSED_VARIABLE = YES;
				IPHONEOS_DEPLOYMENT_TARGET = 9.2;
				MTL_ENABLE_DEBUG_INFO = YES;
				ONLY_ACTIVE_ARCH = YES;
				SDKROOT = iphoneos;
				SWIFT_OPTIMIZATION_LEVEL = "-Onone";
			};
			name = Debug;
		};
		01528C1A1C6F017200D5647A /* Release */ = {
			isa = XCBuildConfiguration;
			buildSettings = {
				ALWAYS_SEARCH_USER_PATHS = NO;
				CLANG_CXX_LANGUAGE_STANDARD = "gnu++0x";
				CLANG_CXX_LIBRARY = "libc++";
				CLANG_ENABLE_MODULES = YES;
				CLANG_ENABLE_OBJC_ARC = YES;
				CLANG_WARN_BOOL_CONVERSION = YES;
				CLANG_WARN_CONSTANT_CONVERSION = YES;
				CLANG_WARN_DIRECT_OBJC_ISA_USAGE = YES_ERROR;
				CLANG_WARN_EMPTY_BODY = YES;
				CLANG_WARN_ENUM_CONVERSION = YES;
				CLANG_WARN_INT_CONVERSION = YES;
				CLANG_WARN_OBJC_ROOT_CLASS = YES_ERROR;
				CLANG_WARN_UNREACHABLE_CODE = YES;
				CLANG_WARN__DUPLICATE_METHOD_MATCH = YES;
				"CODE_SIGN_IDENTITY[sdk=iphoneos*]" = "iPhone Developer";
				COPY_PHASE_STRIP = NO;
				DEBUG_INFORMATION_FORMAT = "dwarf-with-dsym";
				ENABLE_NS_ASSERTIONS = NO;
				ENABLE_STRICT_OBJC_MSGSEND = YES;
				GCC_C_LANGUAGE_STANDARD = gnu99;
				GCC_NO_COMMON_BLOCKS = YES;
				GCC_WARN_64_TO_32_BIT_CONVERSION = YES;
				GCC_WARN_ABOUT_RETURN_TYPE = YES_ERROR;
				GCC_WARN_UNDECLARED_SELECTOR = YES;
				GCC_WARN_UNINITIALIZED_AUTOS = YES_AGGRESSIVE;
				GCC_WARN_UNUSED_FUNCTION = YES;
				GCC_WARN_UNUSED_VARIABLE = YES;
				IPHONEOS_DEPLOYMENT_TARGET = 9.2;
				MTL_ENABLE_DEBUG_INFO = NO;
				SDKROOT = iphoneos;
				VALIDATE_PRODUCT = YES;
			};
			name = Release;
		};
		01528C1C1C6F017200D5647A /* Debug */ = {
			isa = XCBuildConfiguration;
			buildSettings = {
				ASSETCATALOG_COMPILER_APPICON_NAME = AppIcon;
				CODE_SIGN_IDENTITY = "iPhone Developer";
				FRAMEWORK_SEARCH_PATHS = (
					"$(inherited)",
					"$(PROJECT_DIR)/Carthage/Build/iOS",
				);
				INFOPLIST_FILE = AskLyte/Info.plist;
				LD_RUNPATH_SEARCH_PATHS = "$(inherited) @executable_path/Frameworks";
				PRODUCT_BUNDLE_IDENTIFIER = AskLyte.AskLyte;
				PRODUCT_NAME = "$(TARGET_NAME)";
			};
			name = Debug;
		};
		01528C1D1C6F017200D5647A /* Release */ = {
			isa = XCBuildConfiguration;
			buildSettings = {
				ASSETCATALOG_COMPILER_APPICON_NAME = AppIcon;
				CODE_SIGN_IDENTITY = "iPhone Developer";
				FRAMEWORK_SEARCH_PATHS = (
					"$(inherited)",
					"$(PROJECT_DIR)/Carthage/Build/iOS",
				);
				INFOPLIST_FILE = AskLyte/Info.plist;
				LD_RUNPATH_SEARCH_PATHS = "$(inherited) @executable_path/Frameworks";
				PRODUCT_BUNDLE_IDENTIFIER = AskLyte.AskLyte;
				PRODUCT_NAME = "$(TARGET_NAME)";
			};
			name = Release;
		};
		01528C1F1C6F017200D5647A /* Debug */ = {
			isa = XCBuildConfiguration;
			buildSettings = {
				BUNDLE_LOADER = "$(TEST_HOST)";
				INFOPLIST_FILE = AskLyteTests/Info.plist;
				LD_RUNPATH_SEARCH_PATHS = "$(inherited) @executable_path/Frameworks @loader_path/Frameworks";
				PRODUCT_BUNDLE_IDENTIFIER = AskLyte.AskLyteTests;
				PRODUCT_NAME = "$(TARGET_NAME)";
				TEST_HOST = "$(BUILT_PRODUCTS_DIR)/AskLyte.app/AskLyte";
			};
			name = Debug;
		};
		01528C201C6F017200D5647A /* Release */ = {
			isa = XCBuildConfiguration;
			buildSettings = {
				BUNDLE_LOADER = "$(TEST_HOST)";
				INFOPLIST_FILE = AskLyteTests/Info.plist;
				LD_RUNPATH_SEARCH_PATHS = "$(inherited) @executable_path/Frameworks @loader_path/Frameworks";
				PRODUCT_BUNDLE_IDENTIFIER = AskLyte.AskLyteTests;
				PRODUCT_NAME = "$(TARGET_NAME)";
				TEST_HOST = "$(BUILT_PRODUCTS_DIR)/AskLyte.app/AskLyte";
			};
			name = Release;
		};
		01528C221C6F017200D5647A /* Debug */ = {
			isa = XCBuildConfiguration;
			buildSettings = {
				INFOPLIST_FILE = AskLyteUITests/Info.plist;
				LD_RUNPATH_SEARCH_PATHS = "$(inherited) @executable_path/Frameworks @loader_path/Frameworks";
				PRODUCT_BUNDLE_IDENTIFIER = AskLyte.AskLyteUITests;
				PRODUCT_NAME = "$(TARGET_NAME)";
				TEST_TARGET_NAME = AskLyte;
				USES_XCTRUNNER = YES;
			};
			name = Debug;
		};
		01528C231C6F017200D5647A /* Release */ = {
			isa = XCBuildConfiguration;
			buildSettings = {
				INFOPLIST_FILE = AskLyteUITests/Info.plist;
				LD_RUNPATH_SEARCH_PATHS = "$(inherited) @executable_path/Frameworks @loader_path/Frameworks";
				PRODUCT_BUNDLE_IDENTIFIER = AskLyte.AskLyteUITests;
				PRODUCT_NAME = "$(TARGET_NAME)";
				TEST_TARGET_NAME = AskLyte;
				USES_XCTRUNNER = YES;
			};
			name = Release;
		};
/* End XCBuildConfiguration section */

/* Begin XCConfigurationList section */
		01528BEB1C6F017200D5647A /* Build configuration list for PBXProject "AskLyte" */ = {
			isa = XCConfigurationList;
			buildConfigurations = (
				01528C191C6F017200D5647A /* Debug */,
				01528C1A1C6F017200D5647A /* Release */,
			);
			defaultConfigurationIsVisible = 0;
			defaultConfigurationName = Release;
		};
		01528C1B1C6F017200D5647A /* Build configuration list for PBXNativeTarget "AskLyte" */ = {
			isa = XCConfigurationList;
			buildConfigurations = (
				01528C1C1C6F017200D5647A /* Debug */,
				01528C1D1C6F017200D5647A /* Release */,
			);
			defaultConfigurationIsVisible = 0;
			defaultConfigurationName = Release;
		};
		01528C1E1C6F017200D5647A /* Build configuration list for PBXNativeTarget "AskLyteTests" */ = {
			isa = XCConfigurationList;
			buildConfigurations = (
				01528C1F1C6F017200D5647A /* Debug */,
				01528C201C6F017200D5647A /* Release */,
			);
			defaultConfigurationIsVisible = 0;
			defaultConfigurationName = Release;
		};
		01528C211C6F017200D5647A /* Build configuration list for PBXNativeTarget "AskLyteUITests" */ = {
			isa = XCConfigurationList;
			buildConfigurations = (
				01528C221C6F017200D5647A /* Debug */,
				01528C231C6F017200D5647A /* Release */,
			);
			defaultConfigurationIsVisible = 0;
			defaultConfigurationName = Release;
		};
/* End XCConfigurationList section */

/* Begin XCVersionGroup section */
		01528BFA1C6F017200D5647A /* AskLyte.xcdatamodeld */ = {
			isa = XCVersionGroup;
			children = (
				01528BFB1C6F017200D5647A /* AskLyte.xcdatamodel */,
			);
			currentVersion = 01528BFB1C6F017200D5647A /* AskLyte.xcdatamodel */;
			path = AskLyte.xcdatamodeld;
			sourceTree = "<group>";
			versionGroupType = wrapper.xcdatamodel;
		};
/* End XCVersionGroup section */
	};
	rootObject = 01528BE81C6F017100D5647A /* Project object */;
}
